// !$*UTF8*$!
{
	archiveVersion = 1;
	classes = {
	};
	objectVersion = 55;
	objects = {

/* Begin PBXBuildFile section */
		4303320628681ECF00F6C545 /* ScanTextField.swift in Sources */ = {isa = PBXBuildFile; fileRef = 4303320528681ECF00F6C545 /* ScanTextField.swift */; };
		430762E12867BDBF002819DD /* SpacecryptionApp.swift in Sources */ = {isa = PBXBuildFile; fileRef = 430762E02867BDBF002819DD /* SpacecryptionApp.swift */; };
		430762E32867BDBF002819DD /* ContentView.swift in Sources */ = {isa = PBXBuildFile; fileRef = 430762E22867BDBF002819DD /* ContentView.swift */; };
		430762E52867BDC0002819DD /* Assets.xcassets in Resources */ = {isa = PBXBuildFile; fileRef = 430762E42867BDC0002819DD /* Assets.xcassets */; };
		430762E82867BDC0002819DD /* Preview Assets.xcassets in Resources */ = {isa = PBXBuildFile; fileRef = 430762E72867BDC0002819DD /* Preview Assets.xcassets */; };
		430762F52867D29B002819DD /* Decipher.swift in Sources */ = {isa = PBXBuildFile; fileRef = 430762F42867D29B002819DD /* Decipher.swift */; };
		43FC7E4C2867E35E00C84C24 /* Base64 in Frameworks */ = {isa = PBXBuildFile; productRef = 43FC7E4B2867E35E00C84C24 /* Base64 */; };
		51009A012867E0AB0066D70A /* TextPreviewView.swift in Sources */ = {isa = PBXBuildFile; fileRef = 51009A002867E0AB0066D70A /* TextPreviewView.swift */; };
		51009A032867E0CA0066D70A /* Model.swift in Sources */ = {isa = PBXBuildFile; fileRef = 51009A022867E0CA0066D70A /* Model.swift */; };
		51009A052867E0EA0066D70A /* ScannerView.swift in Sources */ = {isa = PBXBuildFile; fileRef = 51009A042867E0EA0066D70A /* ScannerView.swift */; };
		51009A072867E1120066D70A /* TextRecognition.swift in Sources */ = {isa = PBXBuildFile; fileRef = 51009A062867E1120066D70A /* TextRecognition.swift */; };
/* End PBXBuildFile section */

/* Begin PBXFileReference section */
		4303320528681ECF00F6C545 /* ScanTextField.swift */ = {isa = PBXFileReference; lastKnownFileType = sourcecode.swift; path = ScanTextField.swift; sourceTree = "<group>"; };
		430762DD2867BDBF002819DD /* Spacecryption.app */ = {isa = PBXFileReference; explicitFileType = wrapper.application; includeInIndex = 0; path = Spacecryption.app; sourceTree = BUILT_PRODUCTS_DIR; };
		430762E02867BDBF002819DD /* SpacecryptionApp.swift */ = {isa = PBXFileReference; lastKnownFileType = sourcecode.swift; path = SpacecryptionApp.swift; sourceTree = "<group>"; };
		430762E22867BDBF002819DD /* ContentView.swift */ = {isa = PBXFileReference; lastKnownFileType = sourcecode.swift; path = ContentView.swift; sourceTree = "<group>"; };
		430762E42867BDC0002819DD /* Assets.xcassets */ = {isa = PBXFileReference; lastKnownFileType = folder.assetcatalog; path = Assets.xcassets; sourceTree = "<group>"; };
		430762E72867BDC0002819DD /* Preview Assets.xcassets */ = {isa = PBXFileReference; lastKnownFileType = folder.assetcatalog; path = "Preview Assets.xcassets"; sourceTree = "<group>"; };
		430762F42867D29B002819DD /* Decipher.swift */ = {isa = PBXFileReference; lastKnownFileType = sourcecode.swift; path = Decipher.swift; sourceTree = "<group>"; };
		51009A002867E0AB0066D70A /* TextPreviewView.swift */ = {isa = PBXFileReference; lastKnownFileType = sourcecode.swift; path = TextPreviewView.swift; sourceTree = "<group>"; };
		51009A022867E0CA0066D70A /* Model.swift */ = {isa = PBXFileReference; lastKnownFileType = sourcecode.swift; path = Model.swift; sourceTree = "<group>"; };
		51009A042867E0EA0066D70A /* ScannerView.swift */ = {isa = PBXFileReference; lastKnownFileType = sourcecode.swift; path = ScannerView.swift; sourceTree = "<group>"; };
		51009A062867E1120066D70A /* TextRecognition.swift */ = {isa = PBXFileReference; lastKnownFileType = sourcecode.swift; path = TextRecognition.swift; sourceTree = "<group>"; };
/* End PBXFileReference section */

/* Begin PBXFrameworksBuildPhase section */
		430762DA2867BDBF002819DD /* Frameworks */ = {
			isa = PBXFrameworksBuildPhase;
			buildActionMask = 2147483647;
			files = (
				43FC7E4C2867E35E00C84C24 /* Base64 in Frameworks */,
			);
			runOnlyForDeploymentPostprocessing = 0;
		};
/* End PBXFrameworksBuildPhase section */

/* Begin PBXGroup section */
		430762D42867BDBF002819DD = {
			isa = PBXGroup;
			children = (
				430762DF2867BDBF002819DD /* Spacecryption */,
				430762DE2867BDBF002819DD /* Products */,
			);
			sourceTree = "<group>";
		};
		430762DE2867BDBF002819DD /* Products */ = {
			isa = PBXGroup;
			children = (
				430762DD2867BDBF002819DD /* Spacecryption.app */,
			);
			name = Products;
			sourceTree = "<group>";
		};
		430762DF2867BDBF002819DD /* Spacecryption */ = {
			isa = PBXGroup;
			children = (
				430762E02867BDBF002819DD /* SpacecryptionApp.swift */,
				51009A042867E0EA0066D70A /* ScannerView.swift */,
				4303320528681ECF00F6C545 /* ScanTextField.swift */,
				51009A062867E1120066D70A /* TextRecognition.swift */,
				51009A002867E0AB0066D70A /* TextPreviewView.swift */,
				51009A022867E0CA0066D70A /* Model.swift */,
				430762E22867BDBF002819DD /* ContentView.swift */,
				430762F42867D29B002819DD /* Decipher.swift */,
				430762E42867BDC0002819DD /* Assets.xcassets */,
				430762E62867BDC0002819DD /* Preview Content */,
			);
			path = Spacecryption;
			sourceTree = "<group>";
		};
		430762E62867BDC0002819DD /* Preview Content */ = {
			isa = PBXGroup;
			children = (
				430762E72867BDC0002819DD /* Preview Assets.xcassets */,
			);
			path = "Preview Content";
			sourceTree = "<group>";
		};
/* End PBXGroup section */

/* Begin PBXNativeTarget section */
		430762DC2867BDBF002819DD /* Spacecryption */ = {
			isa = PBXNativeTarget;
			buildConfigurationList = 430762EB2867BDC0002819DD /* Build configuration list for PBXNativeTarget "Spacecryption" */;
			buildPhases = (
				430762D92867BDBF002819DD /* Sources */,
				430762DA2867BDBF002819DD /* Frameworks */,
				430762DB2867BDBF002819DD /* Resources */,
			);
			buildRules = (
			);
			dependencies = (
			);
			name = Spacecryption;
			packageProductDependencies = (
				43FC7E4B2867E35E00C84C24 /* Base64 */,
			);
			productName = Spacecryption;
			productReference = 430762DD2867BDBF002819DD /* Spacecryption.app */;
			productType = "com.apple.product-type.application";
		};
/* End PBXNativeTarget section */

/* Begin PBXProject section */
		430762D52867BDBF002819DD /* Project object */ = {
			isa = PBXProject;
			attributes = {
				BuildIndependentTargetsInParallel = 1;
				LastSwiftUpdateCheck = 1400;
				LastUpgradeCheck = 1400;
				TargetAttributes = {
					430762DC2867BDBF002819DD = {
						CreatedOnToolsVersion = 14.0;
					};
				};
			};
			buildConfigurationList = 430762D82867BDBF002819DD /* Build configuration list for PBXProject "Spacecryption" */;
			compatibilityVersion = "Xcode 13.0";
			developmentRegion = en;
			hasScannedForEncodings = 0;
			knownRegions = (
				en,
				Base,
			);
			mainGroup = 430762D42867BDBF002819DD;
			packageReferences = (
				43FC7E4A2867E35E00C84C24 /* XCRemoteSwiftPackageReference "swift-base64" */,
			);
			productRefGroup = 430762DE2867BDBF002819DD /* Products */;
			projectDirPath = "";
			projectRoot = "";
			targets = (
				430762DC2867BDBF002819DD /* Spacecryption */,
			);
		};
/* End PBXProject section */

/* Begin PBXResourcesBuildPhase section */
		430762DB2867BDBF002819DD /* Resources */ = {
			isa = PBXResourcesBuildPhase;
			buildActionMask = 2147483647;
			files = (
				430762E82867BDC0002819DD /* Preview Assets.xcassets in Resources */,
				430762E52867BDC0002819DD /* Assets.xcassets in Resources */,
			);
			runOnlyForDeploymentPostprocessing = 0;
		};
/* End PBXResourcesBuildPhase section */

/* Begin PBXSourcesBuildPhase section */
		430762D92867BDBF002819DD /* Sources */ = {
			isa = PBXSourcesBuildPhase;
			buildActionMask = 2147483647;
			files = (
				51009A032867E0CA0066D70A /* Model.swift in Sources */,
				51009A072867E1120066D70A /* TextRecognition.swift in Sources */,
				430762F52867D29B002819DD /* Decipher.swift in Sources */,
				430762E32867BDBF002819DD /* ContentView.swift in Sources */,
				4303320628681ECF00F6C545 /* ScanTextField.swift in Sources */,
				51009A052867E0EA0066D70A /* ScannerView.swift in Sources */,
				51009A012867E0AB0066D70A /* TextPreviewView.swift in Sources */,
				430762E12867BDBF002819DD /* SpacecryptionApp.swift in Sources */,
			);
			runOnlyForDeploymentPostprocessing = 0;
		};
/* End PBXSourcesBuildPhase section */

/* Begin XCBuildConfiguration section */
		430762E92867BDC0002819DD /* Debug */ = {
			isa = XCBuildConfiguration;
			buildSettings = {
				ALWAYS_SEARCH_USER_PATHS = NO;
				CLANG_ANALYZER_NONNULL = YES;
				CLANG_ANALYZER_NUMBER_OBJECT_CONVERSION = YES_AGGRESSIVE;
				CLANG_CXX_LANGUAGE_STANDARD = "gnu++17";
				CLANG_ENABLE_MODULES = YES;
				CLANG_ENABLE_OBJC_ARC = YES;
				CLANG_ENABLE_OBJC_WEAK = YES;
				CLANG_WARN_BLOCK_CAPTURE_AUTORELEASING = YES;
				CLANG_WARN_BOOL_CONVERSION = YES;
				CLANG_WARN_COMMA = YES;
				CLANG_WARN_CONSTANT_CONVERSION = YES;
				CLANG_WARN_DEPRECATED_OBJC_IMPLEMENTATIONS = YES;
				CLANG_WARN_DIRECT_OBJC_ISA_USAGE = YES_ERROR;
				CLANG_WARN_DOCUMENTATION_COMMENTS = YES;
				CLANG_WARN_EMPTY_BODY = YES;
				CLANG_WARN_ENUM_CONVERSION = YES;
				CLANG_WARN_INFINITE_RECURSION = YES;
				CLANG_WARN_INT_CONVERSION = YES;
				CLANG_WARN_NON_LITERAL_NULL_CONVERSION = YES;
				CLANG_WARN_OBJC_IMPLICIT_RETAIN_SELF = YES;
				CLANG_WARN_OBJC_LITERAL_CONVERSION = YES;
				CLANG_WARN_OBJC_ROOT_CLASS = YES_ERROR;
				CLANG_WARN_QUOTED_INCLUDE_IN_FRAMEWORK_HEADER = YES;
				CLANG_WARN_RANGE_LOOP_ANALYSIS = YES;
				CLANG_WARN_STRICT_PROTOTYPES = YES;
				CLANG_WARN_SUSPICIOUS_MOVE = YES;
				CLANG_WARN_UNGUARDED_AVAILABILITY = YES_AGGRESSIVE;
				CLANG_WARN_UNREACHABLE_CODE = YES;
				CLANG_WARN__DUPLICATE_METHOD_MATCH = YES;
				COPY_PHASE_STRIP = NO;
				DEBUG_INFORMATION_FORMAT = dwarf;
				ENABLE_STRICT_OBJC_MSGSEND = YES;
				ENABLE_TESTABILITY = YES;
				GCC_C_LANGUAGE_STANDARD = gnu11;
				GCC_DYNAMIC_NO_PIC = NO;
				GCC_NO_COMMON_BLOCKS = YES;
				GCC_OPTIMIZATION_LEVEL = 0;
				GCC_PREPROCESSOR_DEFINITIONS = (
					"DEBUG=1",
					"$(inherited)",
				);
				GCC_WARN_64_TO_32_BIT_CONVERSION = YES;
				GCC_WARN_ABOUT_RETURN_TYPE = YES_ERROR;
				GCC_WARN_UNDECLARED_SELECTOR = YES;
				GCC_WARN_UNINITIALIZED_AUTOS = YES_AGGRESSIVE;
				GCC_WARN_UNUSED_FUNCTION = YES;
				GCC_WARN_UNUSED_VARIABLE = YES;
				IPHONEOS_DEPLOYMENT_TARGET = 15.0;
				MTL_ENABLE_DEBUG_INFO = INCLUDE_SOURCE;
				MTL_FAST_MATH = YES;
				ONLY_ACTIVE_ARCH = YES;
				SDKROOT = iphoneos;
				SWIFT_ACTIVE_COMPILATION_CONDITIONS = DEBUG;
				SWIFT_OPTIMIZATION_LEVEL = "-Onone";
			};
			name = Debug;
		};
		430762EA2867BDC0002819DD /* Release */ = {
			isa = XCBuildConfiguration;
			buildSettings = {
				ALWAYS_SEARCH_USER_PATHS = NO;
				CLANG_ANALYZER_NONNULL = YES;
				CLANG_ANALYZER_NUMBER_OBJECT_CONVERSION = YES_AGGRESSIVE;
				CLANG_CXX_LANGUAGE_STANDARD = "gnu++17";
				CLANG_ENABLE_MODULES = YES;
				CLANG_ENABLE_OBJC_ARC = YES;
				CLANG_ENABLE_OBJC_WEAK = YES;
				CLANG_WARN_BLOCK_CAPTURE_AUTORELEASING = YES;
				CLANG_WARN_BOOL_CONVERSION = YES;
				CLANG_WARN_COMMA = YES;
				CLANG_WARN_CONSTANT_CONVERSION = YES;
				CLANG_WARN_DEPRECATED_OBJC_IMPLEMENTATIONS = YES;
				CLANG_WARN_DIRECT_OBJC_ISA_USAGE = YES_ERROR;
				CLANG_WARN_DOCUMENTATION_COMMENTS = YES;
				CLANG_WARN_EMPTY_BODY = YES;
				CLANG_WARN_ENUM_CONVERSION = YES;
				CLANG_WARN_INFINITE_RECURSION = YES;
				CLANG_WARN_INT_CONVERSION = YES;
				CLANG_WARN_NON_LITERAL_NULL_CONVERSION = YES;
				CLANG_WARN_OBJC_IMPLICIT_RETAIN_SELF = YES;
				CLANG_WARN_OBJC_LITERAL_CONVERSION = YES;
				CLANG_WARN_OBJC_ROOT_CLASS = YES_ERROR;
				CLANG_WARN_QUOTED_INCLUDE_IN_FRAMEWORK_HEADER = YES;
				CLANG_WARN_RANGE_LOOP_ANALYSIS = YES;
				CLANG_WARN_STRICT_PROTOTYPES = YES;
				CLANG_WARN_SUSPICIOUS_MOVE = YES;
				CLANG_WARN_UNGUARDED_AVAILABILITY = YES_AGGRESSIVE;
				CLANG_WARN_UNREACHABLE_CODE = YES;
				CLANG_WARN__DUPLICATE_METHOD_MATCH = YES;
				COPY_PHASE_STRIP = NO;
				DEBUG_INFORMATION_FORMAT = "dwarf-with-dsym";
				ENABLE_NS_ASSERTIONS = NO;
				ENABLE_STRICT_OBJC_MSGSEND = YES;
				GCC_C_LANGUAGE_STANDARD = gnu11;
				GCC_NO_COMMON_BLOCKS = YES;
				GCC_WARN_64_TO_32_BIT_CONVERSION = YES;
				GCC_WARN_ABOUT_RETURN_TYPE = YES_ERROR;
				GCC_WARN_UNDECLARED_SELECTOR = YES;
				GCC_WARN_UNINITIALIZED_AUTOS = YES_AGGRESSIVE;
				GCC_WARN_UNUSED_FUNCTION = YES;
				GCC_WARN_UNUSED_VARIABLE = YES;
				IPHONEOS_DEPLOYMENT_TARGET = 15.0;
				MTL_ENABLE_DEBUG_INFO = NO;
				MTL_FAST_MATH = YES;
				SDKROOT = iphoneos;
				SWIFT_COMPILATION_MODE = wholemodule;
				SWIFT_OPTIMIZATION_LEVEL = "-O";
				VALIDATE_PRODUCT = YES;
			};
			name = Release;
		};
		430762EC2867BDC0002819DD /* Debug */ = {
			isa = XCBuildConfiguration;
			buildSettings = {
				ASSETCATALOG_COMPILER_APPICON_NAME = AppIcon;
				ASSETCATALOG_COMPILER_GLOBAL_ACCENT_COLOR_NAME = AccentColor;
				CODE_SIGN_STYLE = Automatic;
				CURRENT_PROJECT_VERSION = 1;
				DEVELOPMENT_ASSET_PATHS = "\"Spacecryption/Preview Content\"";
				DEVELOPMENT_TEAM = 7TD72JJG8D;
				ENABLE_PREVIEWS = YES;
				GENERATE_INFOPLIST_FILE = YES;
				INFOPLIST_KEY_NSCameraUsageDescription = "We need camera access for OCR";
				INFOPLIST_KEY_UIApplicationSceneManifest_Generation = YES;
				INFOPLIST_KEY_UIApplicationSupportsIndirectInputEvents = YES;
				INFOPLIST_KEY_UILaunchScreen_Generation = YES;
				INFOPLIST_KEY_UISupportedInterfaceOrientations_iPad = "UIInterfaceOrientationPortrait UIInterfaceOrientationPortraitUpsideDown UIInterfaceOrientationLandscapeLeft UIInterfaceOrientationLandscapeRight";
				INFOPLIST_KEY_UISupportedInterfaceOrientations_iPhone = "UIInterfaceOrientationPortrait UIInterfaceOrientationLandscapeLeft UIInterfaceOrientationLandscapeRight";
				IPHONEOS_DEPLOYMENT_TARGET = 15.0;
				LD_RUNPATH_SEARCH_PATHS = (
					"$(inherited)",
					"@executable_path/Frameworks",
				);
				MARKETING_VERSION = 1.0;
				PRODUCT_BUNDLE_IDENTIFIER = Andrea.Spacecryption;
				PRODUCT_NAME = "$(TARGET_NAME)";
				SWIFT_EMIT_LOC_STRINGS = YES;
				SWIFT_VERSION = 5.0;
				TARGETED_DEVICE_FAMILY = 1;
			};
			name = Debug;
		};
		430762ED2867BDC0002819DD /* Release */ = {
			isa = XCBuildConfiguration;
			buildSettings = {
				ASSETCATALOG_COMPILER_APPICON_NAME = AppIcon;
				ASSETCATALOG_COMPILER_GLOBAL_ACCENT_COLOR_NAME = AccentColor;
				CODE_SIGN_STYLE = Automatic;
				CURRENT_PROJECT_VERSION = 1;
				DEVELOPMENT_ASSET_PATHS = "\"Spacecryption/Preview Content\"";
				DEVELOPMENT_TEAM = 7TD72JJG8D;
				ENABLE_PREVIEWS = YES;
				GENERATE_INFOPLIST_FILE = YES;
				INFOPLIST_KEY_NSCameraUsageDescription = "We need camera access for OCR";
				INFOPLIST_KEY_UIApplicationSceneManifest_Generation = YES;
				INFOPLIST_KEY_UIApplicationSupportsIndirectInputEvents = YES;
				INFOPLIST_KEY_UILaunchScreen_Generation = YES;
				INFOPLIST_KEY_UISupportedInterfaceOrientations_iPad = "UIInterfaceOrientationPortrait UIInterfaceOrientationPortraitUpsideDown UIInterfaceOrientationLandscapeLeft UIInterfaceOrientationLandscapeRight";
				INFOPLIST_KEY_UISupportedInterfaceOrientations_iPhone = "UIInterfaceOrientationPortrait UIInterfaceOrientationLandscapeLeft UIInterfaceOrientationLandscapeRight";
				IPHONEOS_DEPLOYMENT_TARGET = 15.0;
				LD_RUNPATH_SEARCH_PATHS = (
					"$(inherited)",
					"@executable_path/Frameworks",
				);
				MARKETING_VERSION = 1.0;
				PRODUCT_BUNDLE_IDENTIFIER = Andrea.Spacecryption;
				PRODUCT_NAME = "$(TARGET_NAME)";
				SWIFT_EMIT_LOC_STRINGS = YES;
				SWIFT_VERSION = 5.0;
				TARGETED_DEVICE_FAMILY = 1;
			};
			name = Release;
		};
/* End XCBuildConfiguration section */

/* Begin XCConfigurationList section */
		430762D82867BDBF002819DD /* Build configuration list for PBXProject "Spacecryption" */ = {
			isa = XCConfigurationList;
			buildConfigurations = (
				430762E92867BDC0002819DD /* Debug */,
				430762EA2867BDC0002819DD /* Release */,
			);
			defaultConfigurationIsVisible = 0;
			defaultConfigurationName = Release;
		};
		430762EB2867BDC0002819DD /* Build configuration list for PBXNativeTarget "Spacecryption" */ = {
			isa = XCConfigurationList;
			buildConfigurations = (
				430762EC2867BDC0002819DD /* Debug */,
				430762ED2867BDC0002819DD /* Release */,
			);
			defaultConfigurationIsVisible = 0;
			defaultConfigurationName = Release;
		};
/* End XCConfigurationList section */

/* Begin XCRemoteSwiftPackageReference section */
		43FC7E4A2867E35E00C84C24 /* XCRemoteSwiftPackageReference "swift-base64" */ = {
			isa = XCRemoteSwiftPackageReference;
			repositoryURL = "https://github.com/Alja7dali/swift-base64";
			requirement = {
				branch = master;
				kind = branch;
			};
		};
/* End XCRemoteSwiftPackageReference section */

/* Begin XCSwiftPackageProductDependency section */
		43FC7E4B2867E35E00C84C24 /* Base64 */ = {
			isa = XCSwiftPackageProductDependency;
			package = 43FC7E4A2867E35E00C84C24 /* XCRemoteSwiftPackageReference "swift-base64" */;
			productName = Base64;
		};
/* End XCSwiftPackageProductDependency section */
	};
	rootObject = 430762D52867BDBF002819DD /* Project object */;
}
